// !$*UTF8*$!
{
	archiveVersion = 1;
	classes = {
	};
	objectVersion = 46;
	objects = {

/* Begin PBXBuildFile section */
		63C686551DE649DE000CA473 /* AppDelegate.swift in Sources */ = {isa = PBXBuildFile; fileRef = 63C686541DE649DE000CA473 /* AppDelegate.swift */; };
		63C686571DE649DE000CA473 /* ViewController.swift in Sources */ = {isa = PBXBuildFile; fileRef = 63C686561DE649DE000CA473 /* ViewController.swift */; };
		63C6865A1DE649DE000CA473 /* Main.storyboard in Resources */ = {isa = PBXBuildFile; fileRef = 63C686581DE649DE000CA473 /* Main.storyboard */; };
		63C6865D1DE649DE000CA473 /* DebraPrototype.xcdatamodeld in Sources */ = {isa = PBXBuildFile; fileRef = 63C6865B1DE649DE000CA473 /* DebraPrototype.xcdatamodeld */; };
		63C6865F1DE649DE000CA473 /* Assets.xcassets in Resources */ = {isa = PBXBuildFile; fileRef = 63C6865E1DE649DE000CA473 /* Assets.xcassets */; };
		63C686621DE649DE000CA473 /* LaunchScreen.storyboard in Resources */ = {isa = PBXBuildFile; fileRef = 63C686601DE649DE000CA473 /* LaunchScreen.storyboard */; };
		63C6866D1DE649DE000CA473 /* DebraPrototypeTests.swift in Sources */ = {isa = PBXBuildFile; fileRef = 63C6866C1DE649DE000CA473 /* DebraPrototypeTests.swift */; };
		63C686781DE649DE000CA473 /* DebraPrototypeUITests.swift in Sources */ = {isa = PBXBuildFile; fileRef = 63C686771DE649DE000CA473 /* DebraPrototypeUITests.swift */; };
/* End PBXBuildFile section */

/* Begin PBXContainerItemProxy section */
		63C686691DE649DE000CA473 /* PBXContainerItemProxy */ = {
			isa = PBXContainerItemProxy;
			containerPortal = 63C686491DE649DD000CA473 /* Project object */;
			proxyType = 1;
			remoteGlobalIDString = 63C686501DE649DD000CA473;
			remoteInfo = DebraPrototype;
		};
		63C686741DE649DE000CA473 /* PBXContainerItemProxy */ = {
			isa = PBXContainerItemProxy;
			containerPortal = 63C686491DE649DD000CA473 /* Project object */;
			proxyType = 1;
			remoteGlobalIDString = 63C686501DE649DD000CA473;
			remoteInfo = DebraPrototype;
		};
/* End PBXContainerItemProxy section */

/* Begin PBXFileReference section */
		63C686511DE649DD000CA473 /* DebraPrototype.app */ = {isa = PBXFileReference; explicitFileType = wrapper.application; includeInIndex = 0; path = DebraPrototype.app; sourceTree = BUILT_PRODUCTS_DIR; };
		63C686541DE649DE000CA473 /* AppDelegate.swift */ = {isa = PBXFileReference; lastKnownFileType = sourcecode.swift; path = AppDelegate.swift; sourceTree = "<group>"; };
		63C686561DE649DE000CA473 /* ViewController.swift */ = {isa = PBXFileReference; lastKnownFileType = sourcecode.swift; path = ViewController.swift; sourceTree = "<group>"; };
		63C686591DE649DE000CA473 /* Base */ = {isa = PBXFileReference; lastKnownFileType = file.storyboard; name = Base; path = Base.lproj/Main.storyboard; sourceTree = "<group>"; };
		63C6865C1DE649DE000CA473 /* DebraPrototype.xcdatamodel */ = {isa = PBXFileReference; lastKnownFileType = wrapper.xcdatamodel; path = DebraPrototype.xcdatamodel; sourceTree = "<group>"; };
		63C6865E1DE649DE000CA473 /* Assets.xcassets */ = {isa = PBXFileReference; lastKnownFileType = folder.assetcatalog; path = Assets.xcassets; sourceTree = "<group>"; };
		63C686611DE649DE000CA473 /* Base */ = {isa = PBXFileReference; lastKnownFileType = file.storyboard; name = Base; path = Base.lproj/LaunchScreen.storyboard; sourceTree = "<group>"; };
		63C686631DE649DE000CA473 /* Info.plist */ = {isa = PBXFileReference; lastKnownFileType = text.plist.xml; path = Info.plist; sourceTree = "<group>"; };
		63C686681DE649DE000CA473 /* DebraPrototypeTests.xctest */ = {isa = PBXFileReference; explicitFileType = wrapper.cfbundle; includeInIndex = 0; path = DebraPrototypeTests.xctest; sourceTree = BUILT_PRODUCTS_DIR; };
		63C6866C1DE649DE000CA473 /* DebraPrototypeTests.swift */ = {isa = PBXFileReference; lastKnownFileType = sourcecode.swift; path = DebraPrototypeTests.swift; sourceTree = "<group>"; };
		63C6866E1DE649DE000CA473 /* Info.plist */ = {isa = PBXFileReference; lastKnownFileType = text.plist.xml; path = Info.plist; sourceTree = "<group>"; };
		63C686731DE649DE000CA473 /* DebraPrototypeUITests.xctest */ = {isa = PBXFileReference; explicitFileType = wrapper.cfbundle; includeInIndex = 0; path = DebraPrototypeUITests.xctest; sourceTree = BUILT_PRODUCTS_DIR; };
		63C686771DE649DE000CA473 /* DebraPrototypeUITests.swift */ = {isa = PBXFileReference; lastKnownFileType = sourcecode.swift; path = DebraPrototypeUITests.swift; sourceTree = "<group>"; };
		63C686791DE649DE000CA473 /* Info.plist */ = {isa = PBXFileReference; lastKnownFileType = text.plist.xml; path = Info.plist; sourceTree = "<group>"; };
/* End PBXFileReference section */

/* Begin PBXFrameworksBuildPhase section */
		63C6864E1DE649DD000CA473 /* Frameworks */ = {
			isa = PBXFrameworksBuildPhase;
			buildActionMask = 2147483647;
			files = (
			);
			runOnlyForDeploymentPostprocessing = 0;
		};
		63C686651DE649DE000CA473 /* Frameworks */ = {
			isa = PBXFrameworksBuildPhase;
			buildActionMask = 2147483647;
			files = (
			);
			runOnlyForDeploymentPostprocessing = 0;
		};
		63C686701DE649DE000CA473 /* Frameworks */ = {
			isa = PBXFrameworksBuildPhase;
			buildActionMask = 2147483647;
			files = (
			);
			runOnlyForDeploymentPostprocessing = 0;
		};
/* End PBXFrameworksBuildPhase section */

/* Begin PBXGroup section */
		63C686481DE649DD000CA473 = {
			isa = PBXGroup;
			children = (
				63C686531DE649DD000CA473 /* DebraPrototype */,
				63C6866B1DE649DE000CA473 /* DebraPrototypeTests */,
				63C686761DE649DE000CA473 /* DebraPrototypeUITests */,
				63C686521DE649DD000CA473 /* Products */,
			);
			sourceTree = "<group>";
		};
		63C686521DE649DD000CA473 /* Products */ = {
			isa = PBXGroup;
			children = (
				63C686511DE649DD000CA473 /* DebraPrototype.app */,
				63C686681DE649DE000CA473 /* DebraPrototypeTests.xctest */,
				63C686731DE649DE000CA473 /* DebraPrototypeUITests.xctest */,
			);
			name = Products;
			sourceTree = "<group>";
		};
		63C686531DE649DD000CA473 /* DebraPrototype */ = {
			isa = PBXGroup;
			children = (
				63C686541DE649DE000CA473 /* AppDelegate.swift */,
				63C686561DE649DE000CA473 /* ViewController.swift */,
				63C686581DE649DE000CA473 /* Main.storyboard */,
				63C6865E1DE649DE000CA473 /* Assets.xcassets */,
				63C686601DE649DE000CA473 /* LaunchScreen.storyboard */,
				63C686631DE649DE000CA473 /* Info.plist */,
				63C6865B1DE649DE000CA473 /* DebraPrototype.xcdatamodeld */,
			);
			path = DebraPrototype;
			sourceTree = "<group>";
		};
		63C6866B1DE649DE000CA473 /* DebraPrototypeTests */ = {
			isa = PBXGroup;
			children = (
				63C6866C1DE649DE000CA473 /* DebraPrototypeTests.swift */,
				63C6866E1DE649DE000CA473 /* Info.plist */,
			);
			path = DebraPrototypeTests;
			sourceTree = "<group>";
		};
		63C686761DE649DE000CA473 /* DebraPrototypeUITests */ = {
			isa = PBXGroup;
			children = (
				63C686771DE649DE000CA473 /* DebraPrototypeUITests.swift */,
				63C686791DE649DE000CA473 /* Info.plist */,
			);
			path = DebraPrototypeUITests;
			sourceTree = "<group>";
		};
/* End PBXGroup section */

/* Begin PBXNativeTarget section */
		63C686501DE649DD000CA473 /* DebraPrototype */ = {
			isa = PBXNativeTarget;
			buildConfigurationList = 63C6867C1DE649DE000CA473 /* Build configuration list for PBXNativeTarget "DebraPrototype" */;
			buildPhases = (
				63C6864D1DE649DD000CA473 /* Sources */,
				63C6864E1DE649DD000CA473 /* Frameworks */,
				63C6864F1DE649DD000CA473 /* Resources */,
			);
			buildRules = (
			);
			dependencies = (
			);
			name = DebraPrototype;
			productName = DebraPrototype;
			productReference = 63C686511DE649DD000CA473 /* DebraPrototype.app */;
			productType = "com.apple.product-type.application";
		};
		63C686671DE649DE000CA473 /* DebraPrototypeTests */ = {
			isa = PBXNativeTarget;
			buildConfigurationList = 63C6867F1DE649DE000CA473 /* Build configuration list for PBXNativeTarget "DebraPrototypeTests" */;
			buildPhases = (
				63C686641DE649DE000CA473 /* Sources */,
				63C686651DE649DE000CA473 /* Frameworks */,
				63C686661DE649DE000CA473 /* Resources */,
			);
			buildRules = (
			);
			dependencies = (
				63C6866A1DE649DE000CA473 /* PBXTargetDependency */,
			);
			name = DebraPrototypeTests;
			productName = DebraPrototypeTests;
			productReference = 63C686681DE649DE000CA473 /* DebraPrototypeTests.xctest */;
			productType = "com.apple.product-type.bundle.unit-test";
		};
		63C686721DE649DE000CA473 /* DebraPrototypeUITests */ = {
			isa = PBXNativeTarget;
			buildConfigurationList = 63C686821DE649DE000CA473 /* Build configuration list for PBXNativeTarget "DebraPrototypeUITests" */;
			buildPhases = (
				63C6866F1DE649DE000CA473 /* Sources */,
				63C686701DE649DE000CA473 /* Frameworks */,
				63C686711DE649DE000CA473 /* Resources */,
			);
			buildRules = (
			);
			dependencies = (
				63C686751DE649DE000CA473 /* PBXTargetDependency */,
			);
			name = DebraPrototypeUITests;
			productName = DebraPrototypeUITests;
			productReference = 63C686731DE649DE000CA473 /* DebraPrototypeUITests.xctest */;
			productType = "com.apple.product-type.bundle.ui-testing";
		};
/* End PBXNativeTarget section */

/* Begin PBXProject section */
		63C686491DE649DD000CA473 /* Project object */ = {
			isa = PBXProject;
			attributes = {
				LastSwiftUpdateCheck = 0730;
				LastUpgradeCheck = 0730;
				ORGANIZATIONNAME = "Chad Nachiappan";
				TargetAttributes = {
					63C686501DE649DD000CA473 = {
						CreatedOnToolsVersion = 7.3;
					};
					63C686671DE649DE000CA473 = {
						CreatedOnToolsVersion = 7.3;
						TestTargetID = 63C686501DE649DD000CA473;
					};
					63C686721DE649DE000CA473 = {
						CreatedOnToolsVersion = 7.3;
						TestTargetID = 63C686501DE649DD000CA473;
					};
				};
			};
			buildConfigurationList = 63C6864C1DE649DD000CA473 /* Build configuration list for PBXProject "DebraPrototype" */;
			compatibilityVersion = "Xcode 3.2";
			developmentRegion = English;
			hasScannedForEncodings = 0;
			knownRegions = (
				en,
				Base,
			);
			mainGroup = 63C686481DE649DD000CA473;
			productRefGroup = 63C686521DE649DD000CA473 /* Products */;
			projectDirPath = "";
			projectRoot = "";
			targets = (
				63C686501DE649DD000CA473 /* DebraPrototype */,
				63C686671DE649DE000CA473 /* DebraPrototypeTests */,
				63C686721DE649DE000CA473 /* DebraPrototypeUITests */,
			);
		};
/* End PBXProject section */

/* Begin PBXResourcesBuildPhase section */
		63C6864F1DE649DD000CA473 /* Resources */ = {
			isa = PBXResourcesBuildPhase;
			buildActionMask = 2147483647;
			files = (
				63C686621DE649DE000CA473 /* LaunchScreen.storyboard in Resources */,
				63C6865F1DE649DE000CA473 /* Assets.xcassets in Resources */,
				63C6865A1DE649DE000CA473 /* Main.storyboard in Resources */,
			);
			runOnlyForDeploymentPostprocessing = 0;
		};
		63C686661DE649DE000CA473 /* Resources */ = {
			isa = PBXResourcesBuildPhase;
			buildActionMask = 2147483647;
			files = (
			);
			runOnlyForDeploymentPostprocessing = 0;
		};
		63C686711DE649DE000CA473 /* Resources */ = {
			isa = PBXResourcesBuildPhase;
			buildActionMask = 2147483647;
			files = (
			);
			runOnlyForDeploymentPostprocessing = 0;
		};
/* End PBXResourcesBuildPhase section */

/* Begin PBXSourcesBuildPhase section */
		63C6864D1DE649DD000CA473 /* Sources */ = {
			isa = PBXSourcesBuildPhase;
			buildActionMask = 2147483647;
			files = (
				63C6865D1DE649DE000CA473 /* DebraPrototype.xcdatamodeld in Sources */,
				63C686571DE649DE000CA473 /* ViewController.swift in Sources */,
				63C686551DE649DE000CA473 /* AppDelegate.swift in Sources */,
			);
			runOnlyForDeploymentPostprocessing = 0;
		};
		63C686641DE649DE000CA473 /* Sources */ = {
			isa = PBXSourcesBuildPhase;
			buildActionMask = 2147483647;
			files = (
				63C6866D1DE649DE000CA473 /* DebraPrototypeTests.swift in Sources */,
			);
			runOnlyForDeploymentPostprocessing = 0;
		};
		63C6866F1DE649DE000CA473 /* Sources */ = {
			isa = PBXSourcesBuildPhase;
			buildActionMask = 2147483647;
			files = (
				63C686781DE649DE000CA473 /* DebraPrototypeUITests.swift in Sources */,
			);
			runOnlyForDeploymentPostprocessing = 0;
		};
/* End PBXSourcesBuildPhase section */

/* Begin PBXTargetDependency section */
		63C6866A1DE649DE000CA473 /* PBXTargetDependency */ = {
			isa = PBXTargetDependency;
			target = 63C686501DE649DD000CA473 /* DebraPrototype */;
			targetProxy = 63C686691DE649DE000CA473 /* PBXContainerItemProxy */;
		};
		63C686751DE649DE000CA473 /* PBXTargetDependency */ = {
			isa = PBXTargetDependency;
			target = 63C686501DE649DD000CA473 /* DebraPrototype */;
			targetProxy = 63C686741DE649DE000CA473 /* PBXContainerItemProxy */;
		};
/* End PBXTargetDependency section */

/* Begin PBXVariantGroup section */
		63C686581DE649DE000CA473 /* Main.storyboard */ = {
			isa = PBXVariantGroup;
			children = (
				63C686591DE649DE000CA473 /* Base */,
			);
			name = Main.storyboard;
			sourceTree = "<group>";
		};
		63C686601DE649DE000CA473 /* LaunchScreen.storyboard */ = {
			isa = PBXVariantGroup;
			children = (
				63C686611DE649DE000CA473 /* Base */,
			);
			name = LaunchScreen.storyboard;
			sourceTree = "<group>";
		};
/* End PBXVariantGroup section */

/* Begin XCBuildConfiguration section */
		63C6867A1DE649DE000CA473 /* Debug */ = {
			isa = XCBuildConfiguration;
			buildSettings = {
				ALWAYS_SEARCH_USER_PATHS = NO;
				CLANG_ANALYZER_NONNULL = YES;
				CLANG_CXX_LANGUAGE_STANDARD = "gnu++0x";
				CLANG_CXX_LIBRARY = "libc++";
				CLANG_ENABLE_MODULES = YES;
				CLANG_ENABLE_OBJC_ARC = YES;
				CLANG_WARN_BOOL_CONVERSION = YES;
				CLANG_WARN_CONSTANT_CONVERSION = YES;
				CLANG_WARN_DIRECT_OBJC_ISA_USAGE = YES_ERROR;
				CLANG_WARN_EMPTY_BODY = YES;
				CLANG_WARN_ENUM_CONVERSION = YES;
				CLANG_WARN_INT_CONVERSION = YES;
				CLANG_WARN_OBJC_ROOT_CLASS = YES_ERROR;
				CLANG_WARN_UNREACHABLE_CODE = YES;
				CLANG_WARN__DUPLICATE_METHOD_MATCH = YES;
				"CODE_SIGN_IDENTITY[sdk=iphoneos*]" = "iPhone Developer";
				COPY_PHASE_STRIP = NO;
				DEBUG_INFORMATION_FORMAT = dwarf;
				ENABLE_STRICT_OBJC_MSGSEND = YES;
				ENABLE_TESTABILITY = YES;
				GCC_C_LANGUAGE_STANDARD = gnu99;
				GCC_DYNAMIC_NO_PIC = NO;
				GCC_NO_COMMON_BLOCKS = YES;
				GCC_OPTIMIZATION_LEVEL = 0;
				GCC_PREPROCESSOR_DEFINITIONS = (
					"DEBUG=1",
					"$(inherited)",
				);
				GCC_WARN_64_TO_32_BIT_CONVERSION = YES;
				GCC_WARN_ABOUT_RETURN_TYPE = YES_ERROR;
				GCC_WARN_UNDECLARED_SELECTOR = YES;
				GCC_WARN_UNINITIALIZED_AUTOS = YES_AGGRESSIVE;
				GCC_WARN_UNUSED_FUNCTION = YES;
				GCC_WARN_UNUSED_VARIABLE = YES;
				IPHONEOS_DEPLOYMENT_TARGET = 9.3;
				MTL_ENABLE_DEBUG_INFO = YES;
				ONLY_ACTIVE_ARCH = YES;
				SDKROOT = iphoneos;
				SWIFT_OPTIMIZATION_LEVEL = "-Onone";
			};
			name = Debug;
		};
		63C6867B1DE649DE000CA473 /* Release */ = {
			isa = XCBuildConfiguration;
			buildSettings = {
				ALWAYS_SEARCH_USER_PATHS = NO;
				CLANG_ANALYZER_NONNULL = YES;
				CLANG_CXX_LANGUAGE_STANDARD = "gnu++0x";
				CLANG_CXX_LIBRARY = "libc++";
				CLANG_ENABLE_MODULES = YES;
				CLANG_ENABLE_OBJC_ARC = YES;
				CLANG_WARN_BOOL_CONVERSION = YES;
				CLANG_WARN_CONSTANT_CONVERSION = YES;
				CLANG_WARN_DIRECT_OBJC_ISA_USAGE = YES_ERROR;
				CLANG_WARN_EMPTY_BODY = YES;
				CLANG_WARN_ENUM_CONVERSION = YES;
				CLANG_WARN_INT_CONVERSION = YES;
				CLANG_WARN_OBJC_ROOT_CLASS = YES_ERROR;
				CLANG_WARN_UNREACHABLE_CODE = YES;
				CLANG_WARN__DUPLICATE_METHOD_MATCH = YES;
				"CODE_SIGN_IDENTITY[sdk=iphoneos*]" = "iPhone Developer";
				COPY_PHASE_STRIP = NO;
				DEBUG_INFORMATION_FORMAT = "dwarf-with-dsym";
				ENABLE_NS_ASSERTIONS = NO;
				ENABLE_STRICT_OBJC_MSGSEND = YES;
				GCC_C_LANGUAGE_STANDARD = gnu99;
				GCC_NO_COMMON_BLOCKS = YES;
				GCC_WARN_64_TO_32_BIT_CONVERSION = YES;
				GCC_WARN_ABOUT_RETURN_TYPE = YES_ERROR;
				GCC_WARN_UNDECLARED_SELECTOR = YES;
				GCC_WARN_UNINITIALIZED_AUTOS = YES_AGGRESSIVE;
				GCC_WARN_UNUSED_FUNCTION = YES;
				GCC_WARN_UNUSED_VARIABLE = YES;
				IPHONEOS_DEPLOYMENT_TARGET = 9.3;
				MTL_ENABLE_DEBUG_INFO = NO;
				SDKROOT = iphoneos;
				VALIDATE_PRODUCT = YES;
			};
			name = Release;
		};
		63C6867D1DE649DE000CA473 /* Debug */ = {
			isa = XCBuildConfiguration;
			buildSettings = {
				ASSETCATALOG_COMPILER_APPICON_NAME = AppIcon;
				INFOPLIST_FILE = DebraPrototype/Info.plist;
				LD_RUNPATH_SEARCH_PATHS = "$(inherited) @executable_path/Frameworks";
				PRODUCT_BUNDLE_IDENTIFIER = com.chadnach1.DebraPrototype;
				PRODUCT_NAME = "$(TARGET_NAME)";
			};
			name = Debug;
		};
		63C6867E1DE649DE000CA473 /* Release */ = {
			isa = XCBuildConfiguration;
			buildSettings = {
				ASSETCATALOG_COMPILER_APPICON_NAME = AppIcon;
				INFOPLIST_FILE = DebraPrototype/Info.plist;
				LD_RUNPATH_SEARCH_PATHS = "$(inherited) @executable_path/Frameworks";
				PRODUCT_BUNDLE_IDENTIFIER = com.chadnach1.DebraPrototype;
				PRODUCT_NAME = "$(TARGET_NAME)";
			};
			name = Release;
		};
		63C686801DE649DE000CA473 /* Debug */ = {
			isa = XCBuildConfiguration;
			buildSettings = {
				BUNDLE_LOADER = "$(TEST_HOST)";
				INFOPLIST_FILE = DebraPrototypeTests/Info.plist;
				LD_RUNPATH_SEARCH_PATHS = "$(inherited) @executable_path/Frameworks @loader_path/Frameworks";
				PRODUCT_BUNDLE_IDENTIFIER = com.chadnach1.DebraPrototypeTests;
				PRODUCT_NAME = "$(TARGET_NAME)";
				TEST_HOST = "$(BUILT_PRODUCTS_DIR)/DebraPrototype.app/DebraPrototype";
			};
			name = Debug;
		};
		63C686811DE649DE000CA473 /* Release */ = {
			isa = XCBuildConfiguration;
			buildSettings = {
				BUNDLE_LOADER = "$(TEST_HOST)";
				INFOPLIST_FILE = DebraPrototypeTests/Info.plist;
				LD_RUNPATH_SEARCH_PATHS = "$(inherited) @executable_path/Frameworks @loader_path/Frameworks";
				PRODUCT_BUNDLE_IDENTIFIER = com.chadnach1.DebraPrototypeTests;
				PRODUCT_NAME = "$(TARGET_NAME)";
				TEST_HOST = "$(BUILT_PRODUCTS_DIR)/DebraPrototype.app/DebraPrototype";
			};
			name = Release;
		};
		63C686831DE649DE000CA473 /* Debug */ = {
			isa = XCBuildConfiguration;
			buildSettings = {
				INFOPLIST_FILE = DebraPrototypeUITests/Info.plist;
				LD_RUNPATH_SEARCH_PATHS = "$(inherited) @executable_path/Frameworks @loader_path/Frameworks";
				PRODUCT_BUNDLE_IDENTIFIER = com.chadnach1.DebraPrototypeUITests;
				PRODUCT_NAME = "$(TARGET_NAME)";
				TEST_TARGET_NAME = DebraPrototype;
			};
			name = Debug;
		};
		63C686841DE649DE000CA473 /* Release */ = {
			isa = XCBuildConfiguration;
			buildSettings = {
				INFOPLIST_FILE = DebraPrototypeUITests/Info.plist;
				LD_RUNPATH_SEARCH_PATHS = "$(inherited) @executable_path/Frameworks @loader_path/Frameworks";
				PRODUCT_BUNDLE_IDENTIFIER = com.chadnach1.DebraPrototypeUITests;
				PRODUCT_NAME = "$(TARGET_NAME)";
				TEST_TARGET_NAME = DebraPrototype;
			};
			name = Release;
		};
/* End XCBuildConfiguration section */

/* Begin XCConfigurationList section */
		63C6864C1DE649DD000CA473 /* Build configuration list for PBXProject "DebraPrototype" */ = {
			isa = XCConfigurationList;
			buildConfigurations = (
				63C6867A1DE649DE000CA473 /* Debug */,
				63C6867B1DE649DE000CA473 /* Release */,
			);
			defaultConfigurationIsVisible = 0;
			defaultConfigurationName = Release;
		};
		63C6867C1DE649DE000CA473 /* Build configuration list for PBXNativeTarget "DebraPrototype" */ = {
			isa = XCConfigurationList;
			buildConfigurations = (
				63C6867D1DE649DE000CA473 /* Debug */,
				63C6867E1DE649DE000CA473 /* Release */,
			);
			defaultConfigurationIsVisible = 0;
		};
		63C6867F1DE649DE000CA473 /* Build configuration list for PBXNativeTarget "DebraPrototypeTests" */ = {
			isa = XCConfigurationList;
			buildConfigurations = (
				63C686801DE649DE000CA473 /* Debug */,
				63C686811DE649DE000CA473 /* Release */,
			);
			defaultConfigurationIsVisible = 0;
		};
		63C686821DE649DE000CA473 /* Build configuration list for PBXNativeTarget "DebraPrototypeUITests" */ = {
			isa = XCConfigurationList;
			buildConfigurations = (
				63C686831DE649DE000CA473 /* Debug */,
				63C686841DE649DE000CA473 /* Release */,
			);
			defaultConfigurationIsVisible = 0;
		};
/* End XCConfigurationList section */

/* Begin XCVersionGroup section */
		63C6865B1DE649DE000CA473 /* DebraPrototype.xcdatamodeld */ = {
			isa = XCVersionGroup;
			children = (
				63C6865C1DE649DE000CA473 /* DebraPrototype.xcdatamodel */,
			);
			currentVersion = 63C6865C1DE649DE000CA473 /* DebraPrototype.xcdatamodel */;
			path = DebraPrototype.xcdatamodeld;
			sourceTree = "<group>";
			versionGroupType = wrapper.xcdatamodel;
		};
/* End XCVersionGroup section */
	};
	rootObject = 63C686491DE649DD000CA473 /* Project object */;
}
